// !$*UTF8*$!
{
	archiveVersion = 1;
	classes = {
	};
	objectVersion = 46;
	objects = {

/* Begin PBXBuildFile section */
		F2A16D5A1D17A47400797472 /* AppDelegate.swift in Sources */ = {isa = PBXBuildFile; fileRef = F2A16D591D17A47400797472 /* AppDelegate.swift */; };
		F2A16D5C1D17A47400797472 /* ViewController.swift in Sources */ = {isa = PBXBuildFile; fileRef = F2A16D5B1D17A47400797472 /* ViewController.swift */; };
		F2A16D5F1D17A47400797472 /* Main.storyboard in Resources */ = {isa = PBXBuildFile; fileRef = F2A16D5D1D17A47400797472 /* Main.storyboard */; };
		F2A16D611D17A47400797472 /* Assets.xcassets in Resources */ = {isa = PBXBuildFile; fileRef = F2A16D601D17A47400797472 /* Assets.xcassets */; };
		F2A16D641D17A47400797472 /* LaunchScreen.storyboard in Resources */ = {isa = PBXBuildFile; fileRef = F2A16D621D17A47400797472 /* LaunchScreen.storyboard */; };
		F2A16D6F1D17A47400797472 /* DRImgScrollerViewTests.swift in Sources */ = {isa = PBXBuildFile; fileRef = F2A16D6E1D17A47400797472 /* DRImgScrollerViewTests.swift */; };
		F2A16D7A1D17A47400797472 /* DRImgScrollerViewUITests.swift in Sources */ = {isa = PBXBuildFile; fileRef = F2A16D791D17A47400797472 /* DRImgScrollerViewUITests.swift */; };
		F2A16D8B1D17BE8000797472 /* image0.png in Resources */ = {isa = PBXBuildFile; fileRef = F2A16D871D17BE8000797472 /* image0.png */; };
		F2A16D8C1D17BE8000797472 /* image1.png in Resources */ = {isa = PBXBuildFile; fileRef = F2A16D881D17BE8000797472 /* image1.png */; };
		F2A16D8D1D17BE8000797472 /* image2.png in Resources */ = {isa = PBXBuildFile; fileRef = F2A16D891D17BE8000797472 /* image2.png */; };
		F2A16D8E1D17BE8000797472 /* image3.png in Resources */ = {isa = PBXBuildFile; fileRef = F2A16D8A1D17BE8000797472 /* image3.png */; };
		F2A16D911D17C04D00797472 /* DRImgScrollerView.swift in Sources */ = {isa = PBXBuildFile; fileRef = F2A16D901D17C04D00797472 /* DRImgScrollerView.swift */; };
		F2A16D951D17DB1000797472 /* pageControlCurrentDot@2x.png in Resources */ = {isa = PBXBuildFile; fileRef = F2A16D931D17DB1000797472 /* pageControlCurrentDot@2x.png */; };
		F2A16D961D17DB1000797472 /* pageControlDot@2x.png in Resources */ = {isa = PBXBuildFile; fileRef = F2A16D941D17DB1000797472 /* pageControlDot@2x.png */; };
/* End PBXBuildFile section */

/* Begin PBXContainerItemProxy section */
		F2A16D6B1D17A47400797472 /* PBXContainerItemProxy */ = {
			isa = PBXContainerItemProxy;
			containerPortal = F2A16D4E1D17A47400797472 /* Project object */;
			proxyType = 1;
			remoteGlobalIDString = F2A16D551D17A47400797472;
			remoteInfo = DRImgScrollerView;
		};
		F2A16D761D17A47400797472 /* PBXContainerItemProxy */ = {
			isa = PBXContainerItemProxy;
			containerPortal = F2A16D4E1D17A47400797472 /* Project object */;
			proxyType = 1;
			remoteGlobalIDString = F2A16D551D17A47400797472;
			remoteInfo = DRImgScrollerView;
		};
/* End PBXContainerItemProxy section */

/* Begin PBXFileReference section */
		F2A16D561D17A47400797472 /* DRImgScrollerView.app */ = {isa = PBXFileReference; explicitFileType = wrapper.application; includeInIndex = 0; path = DRImgScrollerView.app; sourceTree = BUILT_PRODUCTS_DIR; };
		F2A16D591D17A47400797472 /* AppDelegate.swift */ = {isa = PBXFileReference; lastKnownFileType = sourcecode.swift; path = AppDelegate.swift; sourceTree = "<group>"; };
		F2A16D5B1D17A47400797472 /* ViewController.swift */ = {isa = PBXFileReference; lastKnownFileType = sourcecode.swift; path = ViewController.swift; sourceTree = "<group>"; };
		F2A16D5E1D17A47400797472 /* Base */ = {isa = PBXFileReference; lastKnownFileType = file.storyboard; name = Base; path = Base.lproj/Main.storyboard; sourceTree = "<group>"; };
		F2A16D601D17A47400797472 /* Assets.xcassets */ = {isa = PBXFileReference; lastKnownFileType = folder.assetcatalog; path = Assets.xcassets; sourceTree = "<group>"; };
		F2A16D631D17A47400797472 /* Base */ = {isa = PBXFileReference; lastKnownFileType = file.storyboard; name = Base; path = Base.lproj/LaunchScreen.storyboard; sourceTree = "<group>"; };
		F2A16D651D17A47400797472 /* Info.plist */ = {isa = PBXFileReference; lastKnownFileType = text.plist.xml; path = Info.plist; sourceTree = "<group>"; };
		F2A16D6A1D17A47400797472 /* DRImgScrollerViewTests.xctest */ = {isa = PBXFileReference; explicitFileType = wrapper.cfbundle; includeInIndex = 0; path = DRImgScrollerViewTests.xctest; sourceTree = BUILT_PRODUCTS_DIR; };
		F2A16D6E1D17A47400797472 /* DRImgScrollerViewTests.swift */ = {isa = PBXFileReference; lastKnownFileType = sourcecode.swift; path = DRImgScrollerViewTests.swift; sourceTree = "<group>"; };
		F2A16D701D17A47400797472 /* Info.plist */ = {isa = PBXFileReference; lastKnownFileType = text.plist.xml; path = Info.plist; sourceTree = "<group>"; };
		F2A16D751D17A47400797472 /* DRImgScrollerViewUITests.xctest */ = {isa = PBXFileReference; explicitFileType = wrapper.cfbundle; includeInIndex = 0; path = DRImgScrollerViewUITests.xctest; sourceTree = BUILT_PRODUCTS_DIR; };
		F2A16D791D17A47400797472 /* DRImgScrollerViewUITests.swift */ = {isa = PBXFileReference; lastKnownFileType = sourcecode.swift; path = DRImgScrollerViewUITests.swift; sourceTree = "<group>"; };
		F2A16D7B1D17A47400797472 /* Info.plist */ = {isa = PBXFileReference; lastKnownFileType = text.plist.xml; path = Info.plist; sourceTree = "<group>"; };
		F2A16D871D17BE8000797472 /* image0.png */ = {isa = PBXFileReference; lastKnownFileType = image.png; path = image0.png; sourceTree = "<group>"; };
		F2A16D881D17BE8000797472 /* image1.png */ = {isa = PBXFileReference; lastKnownFileType = image.png; path = image1.png; sourceTree = "<group>"; };
		F2A16D891D17BE8000797472 /* image2.png */ = {isa = PBXFileReference; lastKnownFileType = image.png; path = image2.png; sourceTree = "<group>"; };
		F2A16D8A1D17BE8000797472 /* image3.png */ = {isa = PBXFileReference; lastKnownFileType = image.png; path = image3.png; sourceTree = "<group>"; };
		F2A16D901D17C04D00797472 /* DRImgScrollerView.swift */ = {isa = PBXFileReference; fileEncoding = 4; lastKnownFileType = sourcecode.swift; path = DRImgScrollerView.swift; sourceTree = "<group>"; };
		F2A16D931D17DB1000797472 /* pageControlCurrentDot@2x.png */ = {isa = PBXFileReference; lastKnownFileType = image.png; path = "pageControlCurrentDot@2x.png"; sourceTree = "<group>"; };
		F2A16D941D17DB1000797472 /* pageControlDot@2x.png */ = {isa = PBXFileReference; lastKnownFileType = image.png; path = "pageControlDot@2x.png"; sourceTree = "<group>"; };
/* End PBXFileReference section */

/* Begin PBXFrameworksBuildPhase section */
		F2A16D531D17A47400797472 /* Frameworks */ = {
			isa = PBXFrameworksBuildPhase;
			buildActionMask = 2147483647;
			files = (
			);
			runOnlyForDeploymentPostprocessing = 0;
		};
		F2A16D671D17A47400797472 /* Frameworks */ = {
			isa = PBXFrameworksBuildPhase;
			buildActionMask = 2147483647;
			files = (
			);
			runOnlyForDeploymentPostprocessing = 0;
		};
		F2A16D721D17A47400797472 /* Frameworks */ = {
			isa = PBXFrameworksBuildPhase;
			buildActionMask = 2147483647;
			files = (
			);
			runOnlyForDeploymentPostprocessing = 0;
		};
/* End PBXFrameworksBuildPhase section */

/* Begin PBXGroup section */
		F2A16D4D1D17A47400797472 = {
			isa = PBXGroup;
			children = (
				F2A16D581D17A47400797472 /* DRImgScrollerView */,
				F2A16D6D1D17A47400797472 /* DRImgScrollerViewTests */,
				F2A16D781D17A47400797472 /* DRImgScrollerViewUITests */,
				F2A16D571D17A47400797472 /* Products */,
			);
			sourceTree = "<group>";
		};
		F2A16D571D17A47400797472 /* Products */ = {
			isa = PBXGroup;
			children = (
				F2A16D561D17A47400797472 /* DRImgScrollerView.app */,
				F2A16D6A1D17A47400797472 /* DRImgScrollerViewTests.xctest */,
				F2A16D751D17A47400797472 /* DRImgScrollerViewUITests.xctest */,
			);
			name = Products;
			sourceTree = "<group>";
		};
		F2A16D581D17A47400797472 /* DRImgScrollerView */ = {
			isa = PBXGroup;
			children = (
				F2A16D591D17A47400797472 /* AppDelegate.swift */,
				F2A16D5B1D17A47400797472 /* ViewController.swift */,
				F2A16D8F1D17C00900797472 /* DRImgScrollerView */,
				F2A16D5D1D17A47400797472 /* Main.storyboard */,
				F2A16D601D17A47400797472 /* Assets.xcassets */,
				F2A16D621D17A47400797472 /* LaunchScreen.storyboard */,
				F2A16D651D17A47400797472 /* Info.plist */,
				F2A16D871D17BE8000797472 /* image0.png */,
				F2A16D881D17BE8000797472 /* image1.png */,
				F2A16D891D17BE8000797472 /* image2.png */,
				F2A16D8A1D17BE8000797472 /* image3.png */,
			);
			path = DRImgScrollerView;
			sourceTree = "<group>";
		};
		F2A16D6D1D17A47400797472 /* DRImgScrollerViewTests */ = {
			isa = PBXGroup;
			children = (
				F2A16D6E1D17A47400797472 /* DRImgScrollerViewTests.swift */,
				F2A16D701D17A47400797472 /* Info.plist */,
			);
			path = DRImgScrollerViewTests;
			sourceTree = "<group>";
		};
		F2A16D781D17A47400797472 /* DRImgScrollerViewUITests */ = {
			isa = PBXGroup;
			children = (
				F2A16D791D17A47400797472 /* DRImgScrollerViewUITests.swift */,
				F2A16D7B1D17A47400797472 /* Info.plist */,
			);
			path = DRImgScrollerViewUITests;
			sourceTree = "<group>";
		};
		F2A16D8F1D17C00900797472 /* DRImgScrollerView */ = {
			isa = PBXGroup;
			children = (
				F2A16D901D17C04D00797472 /* DRImgScrollerView.swift */,
				F2A16D921D17DB0000797472 /* Recourse */,
			);
			path = DRImgScrollerView;
			sourceTree = "<group>";
		};
		F2A16D921D17DB0000797472 /* Recourse */ = {
			isa = PBXGroup;
			children = (
				F2A16D931D17DB1000797472 /* pageControlCurrentDot@2x.png */,
				F2A16D941D17DB1000797472 /* pageControlDot@2x.png */,
			);
			path = Recourse;
			sourceTree = "<group>";
		};
/* End PBXGroup section */

/* Begin PBXNativeTarget section */
		F2A16D551D17A47400797472 /* DRImgScrollerView */ = {
			isa = PBXNativeTarget;
			buildConfigurationList = F2A16D7E1D17A47400797472 /* Build configuration list for PBXNativeTarget "DRImgScrollerView" */;
			buildPhases = (
				F2A16D521D17A47400797472 /* Sources */,
				F2A16D531D17A47400797472 /* Frameworks */,
				F2A16D541D17A47400797472 /* Resources */,
			);
			buildRules = (
			);
			dependencies = (
			);
			name = DRImgScrollerView;
			productName = DRImgScrollerView;
			productReference = F2A16D561D17A47400797472 /* DRImgScrollerView.app */;
			productType = "com.apple.product-type.application";
		};
		F2A16D691D17A47400797472 /* DRImgScrollerViewTests */ = {
			isa = PBXNativeTarget;
			buildConfigurationList = F2A16D811D17A47400797472 /* Build configuration list for PBXNativeTarget "DRImgScrollerViewTests" */;
			buildPhases = (
				F2A16D661D17A47400797472 /* Sources */,
				F2A16D671D17A47400797472 /* Frameworks */,
				F2A16D681D17A47400797472 /* Resources */,
			);
			buildRules = (
			);
			dependencies = (
				F2A16D6C1D17A47400797472 /* PBXTargetDependency */,
			);
			name = DRImgScrollerViewTests;
			productName = DRImgScrollerViewTests;
			productReference = F2A16D6A1D17A47400797472 /* DRImgScrollerViewTests.xctest */;
			productType = "com.apple.product-type.bundle.unit-test";
		};
		F2A16D741D17A47400797472 /* DRImgScrollerViewUITests */ = {
			isa = PBXNativeTarget;
			buildConfigurationList = F2A16D841D17A47400797472 /* Build configuration list for PBXNativeTarget "DRImgScrollerViewUITests" */;
			buildPhases = (
				F2A16D711D17A47400797472 /* Sources */,
				F2A16D721D17A47400797472 /* Frameworks */,
				F2A16D731D17A47400797472 /* Resources */,
			);
			buildRules = (
			);
			dependencies = (
				F2A16D771D17A47400797472 /* PBXTargetDependency */,
			);
			name = DRImgScrollerViewUITests;
			productName = DRImgScrollerViewUITests;
			productReference = F2A16D751D17A47400797472 /* DRImgScrollerViewUITests.xctest */;
			productType = "com.apple.product-type.bundle.ui-testing";
		};
/* End PBXNativeTarget section */

/* Begin PBXProject section */
		F2A16D4E1D17A47400797472 /* Project object */ = {
			isa = PBXProject;
			attributes = {
				LastSwiftUpdateCheck = 0730;
				LastUpgradeCheck = 0730;
				ORGANIZATIONNAME = xqzh;
				TargetAttributes = {
					F2A16D551D17A47400797472 = {
						CreatedOnToolsVersion = 7.3.1;
						DevelopmentTeam = 22X7C4G62Z;
					};
					F2A16D691D17A47400797472 = {
						CreatedOnToolsVersion = 7.3.1;
						TestTargetID = F2A16D551D17A47400797472;
					};
					F2A16D741D17A47400797472 = {
						CreatedOnToolsVersion = 7.3.1;
						TestTargetID = F2A16D551D17A47400797472;
					};
				};
			};
			buildConfigurationList = F2A16D511D17A47400797472 /* Build configuration list for PBXProject "DRImgScrollerView" */;
			compatibilityVersion = "Xcode 3.2";
			developmentRegion = English;
			hasScannedForEncodings = 0;
			knownRegions = (
				en,
				Base,
			);
			mainGroup = F2A16D4D1D17A47400797472;
			productRefGroup = F2A16D571D17A47400797472 /* Products */;
			projectDirPath = "";
			projectRoot = "";
			targets = (
				F2A16D551D17A47400797472 /* DRImgScrollerView */,
				F2A16D691D17A47400797472 /* DRImgScrollerViewTests */,
				F2A16D741D17A47400797472 /* DRImgScrollerViewUITests */,
			);
		};
/* End PBXProject section */

/* Begin PBXResourcesBuildPhase section */
		F2A16D541D17A47400797472 /* Resources */ = {
			isa = PBXResourcesBuildPhase;
			buildActionMask = 2147483647;
			files = (
				F2A16D8B1D17BE8000797472 /* image0.png in Resources */,
				F2A16D951D17DB1000797472 /* pageControlCurrentDot@2x.png in Resources */,
				F2A16D8C1D17BE8000797472 /* image1.png in Resources */,
				F2A16D8D1D17BE8000797472 /* image2.png in Resources */,
				F2A16D641D17A47400797472 /* LaunchScreen.storyboard in Resources */,
				F2A16D611D17A47400797472 /* Assets.xcassets in Resources */,
				F2A16D961D17DB1000797472 /* pageControlDot@2x.png in Resources */,
				F2A16D8E1D17BE8000797472 /* image3.png in Resources */,
				F2A16D5F1D17A47400797472 /* Main.storyboard in Resources */,
			);
			runOnlyForDeploymentPostprocessing = 0;
		};
		F2A16D681D17A47400797472 /* Resources */ = {
			isa = PBXResourcesBuildPhase;
			buildActionMask = 2147483647;
			files = (
			);
			runOnlyForDeploymentPostprocessing = 0;
		};
		F2A16D731D17A47400797472 /* Resources */ = {
			isa = PBXResourcesBuildPhase;
			buildActionMask = 2147483647;
			files = (
			);
			runOnlyForDeploymentPostprocessing = 0;
		};
/* End PBXResourcesBuildPhase section */

/* Begin PBXSourcesBuildPhase section */
		F2A16D521D17A47400797472 /* Sources */ = {
			isa = PBXSourcesBuildPhase;
			buildActionMask = 2147483647;
			files = (
				F2A16D911D17C04D00797472 /* DRImgScrollerView.swift in Sources */,
				F2A16D5C1D17A47400797472 /* ViewController.swift in Sources */,
				F2A16D5A1D17A47400797472 /* AppDelegate.swift in Sources */,
			);
			runOnlyForDeploymentPostprocessing = 0;
		};
		F2A16D661D17A47400797472 /* Sources */ = {
			isa = PBXSourcesBuildPhase;
			buildActionMask = 2147483647;
			files = (
				F2A16D6F1D17A47400797472 /* DRImgScrollerViewTests.swift in Sources */,
			);
			runOnlyForDeploymentPostprocessing = 0;
		};
		F2A16D711D17A47400797472 /* Sources */ = {
			isa = PBXSourcesBuildPhase;
			buildActionMask = 2147483647;
			files = (
				F2A16D7A1D17A47400797472 /* DRImgScrollerViewUITests.swift in Sources */,
			);
			runOnlyForDeploymentPostprocessing = 0;
		};
/* End PBXSourcesBuildPhase section */

/* Begin PBXTargetDependency section */
		F2A16D6C1D17A47400797472 /* PBXTargetDependency */ = {
			isa = PBXTargetDependency;
			target = F2A16D551D17A47400797472 /* DRImgScrollerView */;
			targetProxy = F2A16D6B1D17A47400797472 /* PBXContainerItemProxy */;
		};
		F2A16D771D17A47400797472 /* PBXTargetDependency */ = {
			isa = PBXTargetDependency;
			target = F2A16D551D17A47400797472 /* DRImgScrollerView */;
			targetProxy = F2A16D761D17A47400797472 /* PBXContainerItemProxy */;
		};
/* End PBXTargetDependency section */

/* Begin PBXVariantGroup section */
		F2A16D5D1D17A47400797472 /* Main.storyboard */ = {
			isa = PBXVariantGroup;
			children = (
				F2A16D5E1D17A47400797472 /* Base */,
			);
			name = Main.storyboard;
			sourceTree = "<group>";
		};
		F2A16D621D17A47400797472 /* LaunchScreen.storyboard */ = {
			isa = PBXVariantGroup;
			children = (
				F2A16D631D17A47400797472 /* Base */,
			);
			name = LaunchScreen.storyboard;
			sourceTree = "<group>";
		};
/* End PBXVariantGroup section */

/* Begin XCBuildConfiguration section */
		F2A16D7C1D17A47400797472 /* Debug */ = {
			isa = XCBuildConfiguration;
			buildSettings = {
				ALWAYS_SEARCH_USER_PATHS = NO;
				CLANG_ANALYZER_NONNULL = YES;
				CLANG_CXX_LANGUAGE_STANDARD = "gnu++0x";
				CLANG_CXX_LIBRARY = "libc++";
				CLANG_ENABLE_MODULES = YES;
				CLANG_ENABLE_OBJC_ARC = YES;
				CLANG_WARN_BOOL_CONVERSION = YES;
				CLANG_WARN_CONSTANT_CONVERSION = YES;
				CLANG_WARN_DIRECT_OBJC_ISA_USAGE = YES_ERROR;
				CLANG_WARN_EMPTY_BODY = YES;
				CLANG_WARN_ENUM_CONVERSION = YES;
				CLANG_WARN_INT_CONVERSION = YES;
				CLANG_WARN_OBJC_ROOT_CLASS = YES_ERROR;
				CLANG_WARN_UNREACHABLE_CODE = YES;
				CLANG_WARN__DUPLICATE_METHOD_MATCH = YES;
				"CODE_SIGN_IDENTITY[sdk=iphoneos*]" = "iPhone Developer";
				COPY_PHASE_STRIP = NO;
				DEBUG_INFORMATION_FORMAT = dwarf;
				ENABLE_STRICT_OBJC_MSGSEND = YES;
				ENABLE_TESTABILITY = YES;
				GCC_C_LANGUAGE_STANDARD = gnu99;
				GCC_DYNAMIC_NO_PIC = NO;
				GCC_NO_COMMON_BLOCKS = YES;
				GCC_OPTIMIZATION_LEVEL = 0;
				GCC_PREPROCESSOR_DEFINITIONS = (
					"DEBUG=1",
					"$(inherited)",
				);
				GCC_WARN_64_TO_32_BIT_CONVERSION = YES;
				GCC_WARN_ABOUT_RETURN_TYPE = YES_ERROR;
				GCC_WARN_UNDECLARED_SELECTOR = YES;
				GCC_WARN_UNINITIALIZED_AUTOS = YES_AGGRESSIVE;
				GCC_WARN_UNUSED_FUNCTION = YES;
				GCC_WARN_UNUSED_VARIABLE = YES;
				IPHONEOS_DEPLOYMENT_TARGET = 9.3;
				MTL_ENABLE_DEBUG_INFO = YES;
				ONLY_ACTIVE_ARCH = YES;
				SDKROOT = iphoneos;
				SWIFT_OPTIMIZATION_LEVEL = "-Onone";
				TARGETED_DEVICE_FAMILY = "1,2";
			};
			name = Debug;
		};
		F2A16D7D1D17A47400797472 /* Release */ = {
			isa = XCBuildConfiguration;
			buildSettings = {
				ALWAYS_SEARCH_USER_PATHS = NO;
				CLANG_ANALYZER_NONNULL = YES;
				CLANG_CXX_LANGUAGE_STANDARD = "gnu++0x";
				CLANG_CXX_LIBRARY = "libc++";
				CLANG_ENABLE_MODULES = YES;
				CLANG_ENABLE_OBJC_ARC = YES;
				CLANG_WARN_BOOL_CONVERSION = YES;
				CLANG_WARN_CONSTANT_CONVERSION = YES;
				CLANG_WARN_DIRECT_OBJC_ISA_USAGE = YES_ERROR;
				CLANG_WARN_EMPTY_BODY = YES;
				CLANG_WARN_ENUM_CONVERSION = YES;
				CLANG_WARN_INT_CONVERSION = YES;
				CLANG_WARN_OBJC_ROOT_CLASS = YES_ERROR;
				CLANG_WARN_UNREACHABLE_CODE = YES;
				CLANG_WARN__DUPLICATE_METHOD_MATCH = YES;
				"CODE_SIGN_IDENTITY[sdk=iphoneos*]" = "iPhone Developer";
				COPY_PHASE_STRIP = NO;
				DEBUG_INFORMATION_FORMAT = "dwarf-with-dsym";
				ENABLE_NS_ASSERTIONS = NO;
				ENABLE_STRICT_OBJC_MSGSEND = YES;
				GCC_C_LANGUAGE_STANDARD = gnu99;
				GCC_NO_COMMON_BLOCKS = YES;
				GCC_WARN_64_TO_32_BIT_CONVERSION = YES;
				GCC_WARN_ABOUT_RETURN_TYPE = YES_ERROR;
				GCC_WARN_UNDECLARED_SELECTOR = YES;
				GCC_WARN_UNINITIALIZED_AUTOS = YES_AGGRESSIVE;
				GCC_WARN_UNUSED_FUNCTION = YES;
				GCC_WARN_UNUSED_VARIABLE = YES;
				IPHONEOS_DEPLOYMENT_TARGET = 9.3;
				MTL_ENABLE_DEBUG_INFO = NO;
				SDKROOT = iphoneos;
				TARGETED_DEVICE_FAMILY = "1,2";
				VALIDATE_PRODUCT = YES;
			};
			name = Release;
		};
		F2A16D7F1D17A47400797472 /* Debug */ = {
			isa = XCBuildConfiguration;
			buildSettings = {
				ASSETCATALOG_COMPILER_APPICON_NAME = AppIcon;
				CLANG_ENABLE_MODULES = YES;
				CODE_SIGN_IDENTITY = "iPhone Developer";
				"CODE_SIGN_IDENTITY[sdk=iphoneos*]" = "iPhone Developer";
				INFOPLIST_FILE = DRImgScrollerView/Info.plist;
				LD_RUNPATH_SEARCH_PATHS = "$(inherited) @executable_path/Frameworks";
				PRODUCT_BUNDLE_IDENTIFIER = com.ideabinder.DRImgScrollerView;
				PRODUCT_NAME = "$(TARGET_NAME)";
				PROVISIONING_PROFILE = "";
				SWIFT_OBJC_BRIDGING_HEADER = "";
				SWIFT_OPTIMIZATION_LEVEL = "-Onone";
			};
			name = Debug;
		};
		F2A16D801D17A47400797472 /* Release */ = {
			isa = XCBuildConfiguration;
			buildSettings = {
				ASSETCATALOG_COMPILER_APPICON_NAME = AppIcon;
				CLANG_ENABLE_MODULES = YES;
				CODE_SIGN_IDENTITY = "iPhone Developer";
				"CODE_SIGN_IDENTITY[sdk=iphoneos*]" = "iPhone Developer";
				INFOPLIST_FILE = DRImgScrollerView/Info.plist;
				LD_RUNPATH_SEARCH_PATHS = "$(inherited) @executable_path/Frameworks";
				PRODUCT_BUNDLE_IDENTIFIER = com.ideabinder.DRImgScrollerView;
				PRODUCT_NAME = "$(TARGET_NAME)";
				PROVISIONING_PROFILE = "";
				SWIFT_OBJC_BRIDGING_HEADER = "";
			};
			name = Release;
		};
		F2A16D821D17A47400797472 /* Debug */ = {
			isa = XCBuildConfiguration;
			buildSettings = {
				BUNDLE_LOADER = "$(TEST_HOST)";
				INFOPLIST_FILE = DRImgScrollerViewTests/Info.plist;
				LD_RUNPATH_SEARCH_PATHS = "$(inherited) @executable_path/Frameworks @loader_path/Frameworks";
				PRODUCT_BUNDLE_IDENTIFIER = com.ideabinder.DRImgScrollerViewTests;
				PRODUCT_NAME = "$(TARGET_NAME)";
				TEST_HOST = "$(BUILT_PRODUCTS_DIR)/DRImgScrollerView.app/DRImgScrollerView";
			};
			name = Debug;
		};
		F2A16D831D17A47400797472 /* Release */ = {
			isa = XCBuildConfiguration;
			buildSettings = {
				BUNDLE_LOADER = "$(TEST_HOST)";
				INFOPLIST_FILE = DRImgScrollerViewTests/Info.plist;
				LD_RUNPATH_SEARCH_PATHS = "$(inherited) @executable_path/Frameworks @loader_path/Frameworks";
				PRODUCT_BUNDLE_IDENTIFIER = com.ideabinder.DRImgScrollerViewTests;
				PRODUCT_NAME = "$(TARGET_NAME)";
				TEST_HOST = "$(BUILT_PRODUCTS_DIR)/DRImgScrollerView.app/DRImgScrollerView";
			};
			name = Release;
		};
		F2A16D851D17A47400797472 /* Debug */ = {
			isa = XCBuildConfiguration;
			buildSettings = {
				INFOPLIST_FILE = DRImgScrollerViewUITests/Info.plist;
				LD_RUNPATH_SEARCH_PATHS = "$(inherited) @executable_path/Frameworks @loader_path/Frameworks";
				PRODUCT_BUNDLE_IDENTIFIER = com.ideabinder.DRImgScrollerViewUITests;
				PRODUCT_NAME = "$(TARGET_NAME)";
				TEST_TARGET_NAME = DRImgScrollerView;
			};
			name = Debug;
		};
		F2A16D861D17A47400797472 /* Release */ = {
			isa = XCBuildConfiguration;
			buildSettings = {
				INFOPLIST_FILE = DRImgScrollerViewUITests/Info.plist;
				LD_RUNPATH_SEARCH_PATHS = "$(inherited) @executable_path/Frameworks @loader_path/Frameworks";
				PRODUCT_BUNDLE_IDENTIFIER = com.ideabinder.DRImgScrollerViewUITests;
				PRODUCT_NAME = "$(TARGET_NAME)";
				TEST_TARGET_NAME = DRImgScrollerView;
			};
			name = Release;
		};
/* End XCBuildConfiguration section */

/* Begin XCConfigurationList section */
		F2A16D511D17A47400797472 /* Build configuration list for PBXProject "DRImgScrollerView" */ = {
			isa = XCConfigurationList;
			buildConfigurations = (
				F2A16D7C1D17A47400797472 /* Debug */,
				F2A16D7D1D17A47400797472 /* Release */,
			);
			defaultConfigurationIsVisible = 0;
			defaultConfigurationName = Release;
		};
		F2A16D7E1D17A47400797472 /* Build configuration list for PBXNativeTarget "DRImgScrollerView" */ = {
			isa = XCConfigurationList;
			buildConfigurations = (
				F2A16D7F1D17A47400797472 /* Debug */,
				F2A16D801D17A47400797472 /* Release */,
			);
			defaultConfigurationIsVisible = 0;
			defaultConfigurationName = Release;
		};
		F2A16D811D17A47400797472 /* Build configuration list for PBXNativeTarget "DRImgScrollerViewTests" */ = {
			isa = XCConfigurationList;
			buildConfigurations = (
				F2A16D821D17A47400797472 /* Debug */,
				F2A16D831D17A47400797472 /* Release */,
			);
			defaultConfigurationIsVisible = 0;
			defaultConfigurationName = Release;
		};
		F2A16D841D17A47400797472 /* Build configuration list for PBXNativeTarget "DRImgScrollerViewUITests" */ = {
			isa = XCConfigurationList;
			buildConfigurations = (
				F2A16D851D17A47400797472 /* Debug */,
				F2A16D861D17A47400797472 /* Release */,
			);
			defaultConfigurationIsVisible = 0;
			defaultConfigurationName = Release;
		};
/* End XCConfigurationList section */
	};
	rootObject = F2A16D4E1D17A47400797472 /* Project object */;
}
